// !$*UTF8*$!
{
	archiveVersion = 1;
	classes = {
	};
	objectVersion = 46;
	objects = {

/* Begin PBXBuildFile section */
		CB41D0081B1077BB00C8895E /* AppDelegate.swift in Sources */ = {isa = PBXBuildFile; fileRef = CB41D0071B1077BB00C8895E /* AppDelegate.swift */; };
		CB41D00A1B1077BB00C8895E /* ViewController.swift in Sources */ = {isa = PBXBuildFile; fileRef = CB41D0091B1077BB00C8895E /* ViewController.swift */; };
		CB41D00D1B1077BB00C8895E /* Main.storyboard in Resources */ = {isa = PBXBuildFile; fileRef = CB41D00B1B1077BB00C8895E /* Main.storyboard */; };
		CB41D00F1B1077BB00C8895E /* Images.xcassets in Resources */ = {isa = PBXBuildFile; fileRef = CB41D00E1B1077BB00C8895E /* Images.xcassets */; };
		CB41D0121B1077BB00C8895E /* LaunchScreen.xib in Resources */ = {isa = PBXBuildFile; fileRef = CB41D0101B1077BB00C8895E /* LaunchScreen.xib */; };
		CB41D01E1B1077BB00C8895E /* PostcardTests.swift in Sources */ = {isa = PBXBuildFile; fileRef = CB41D01D1B1077BB00C8895E /* PostcardTests.swift */; };
		CB41D0281B10815800C8895E /* SagradaFamilia.jpeg in Resources */ = {isa = PBXBuildFile; fileRef = CB41D0271B10815800C8895E /* SagradaFamilia.jpeg */; };
		CB41D02A1B10872C00C8895E /* AlbertEinsteinStamp.jpg in Resources */ = {isa = PBXBuildFile; fileRef = CB41D0291B10872C00C8895E /* AlbertEinsteinStamp.jpg */; };
/* End PBXBuildFile section */

/* Begin PBXContainerItemProxy section */
		CB41D0181B1077BB00C8895E /* PBXContainerItemProxy */ = {
			isa = PBXContainerItemProxy;
			containerPortal = CB41CFFA1B1077BB00C8895E /* Project object */;
			proxyType = 1;
			remoteGlobalIDString = CB41D0011B1077BB00C8895E;
			remoteInfo = Postcard;
		};
/* End PBXContainerItemProxy section */

/* Begin PBXFileReference section */
		CB41D0021B1077BB00C8895E /* Postcard.app */ = {isa = PBXFileReference; explicitFileType = wrapper.application; includeInIndex = 0; path = Postcard.app; sourceTree = BUILT_PRODUCTS_DIR; };
		CB41D0061B1077BB00C8895E /* Info.plist */ = {isa = PBXFileReference; lastKnownFileType = text.plist.xml; path = Info.plist; sourceTree = "<group>"; };
		CB41D0071B1077BB00C8895E /* AppDelegate.swift */ = {isa = PBXFileReference; lastKnownFileType = sourcecode.swift; path = AppDelegate.swift; sourceTree = "<group>"; };
		CB41D0091B1077BB00C8895E /* ViewController.swift */ = {isa = PBXFileReference; lastKnownFileType = sourcecode.swift; path = ViewController.swift; sourceTree = "<group>"; };
		CB41D00C1B1077BB00C8895E /* Base */ = {isa = PBXFileReference; lastKnownFileType = file.storyboard; name = Base; path = Base.lproj/Main.storyboard; sourceTree = "<group>"; };
		CB41D00E1B1077BB00C8895E /* Images.xcassets */ = {isa = PBXFileReference; lastKnownFileType = folder.assetcatalog; path = Images.xcassets; sourceTree = "<group>"; };
		CB41D0111B1077BB00C8895E /* Base */ = {isa = PBXFileReference; lastKnownFileType = file.xib; name = Base; path = Base.lproj/LaunchScreen.xib; sourceTree = "<group>"; };
		CB41D0171B1077BB00C8895E /* PostcardTests.xctest */ = {isa = PBXFileReference; explicitFileType = wrapper.cfbundle; includeInIndex = 0; path = PostcardTests.xctest; sourceTree = BUILT_PRODUCTS_DIR; };
		CB41D01C1B1077BB00C8895E /* Info.plist */ = {isa = PBXFileReference; lastKnownFileType = text.plist.xml; path = Info.plist; sourceTree = "<group>"; };
		CB41D01D1B1077BB00C8895E /* PostcardTests.swift */ = {isa = PBXFileReference; lastKnownFileType = sourcecode.swift; path = PostcardTests.swift; sourceTree = "<group>"; };
		CB41D0271B10815800C8895E /* SagradaFamilia.jpeg */ = {isa = PBXFileReference; lastKnownFileType = image.jpeg; name = SagradaFamilia.jpeg; path = PostcardTests/SagradaFamilia.jpeg; sourceTree = SOURCE_ROOT; };
		CB41D0291B10872C00C8895E /* AlbertEinsteinStamp.jpg */ = {isa = PBXFileReference; lastKnownFileType = image.jpeg; path = AlbertEinsteinStamp.jpg; sourceTree = "<group>"; };
/* End PBXFileReference section */

/* Begin PBXFrameworksBuildPhase section */
		CB41CFFF1B1077BB00C8895E /* Frameworks */ = {
			isa = PBXFrameworksBuildPhase;
			buildActionMask = 2147483647;
			files = (
			);
			runOnlyForDeploymentPostprocessing = 0;
		};
		CB41D0141B1077BB00C8895E /* Frameworks */ = {
			isa = PBXFrameworksBuildPhase;
			buildActionMask = 2147483647;
			files = (
			);
			runOnlyForDeploymentPostprocessing = 0;
		};
/* End PBXFrameworksBuildPhase section */

/* Begin PBXGroup section */
		CB41CFF91B1077BB00C8895E = {
			isa = PBXGroup;
			children = (
				CB41D0041B1077BB00C8895E /* Postcard */,
				CB41D01A1B1077BB00C8895E /* PostcardTests */,
				CB41D0031B1077BB00C8895E /* Products */,
			);
			sourceTree = "<group>";
		};
		CB41D0031B1077BB00C8895E /* Products */ = {
			isa = PBXGroup;
			children = (
				CB41D0021B1077BB00C8895E /* Postcard.app */,
				CB41D0171B1077BB00C8895E /* PostcardTests.xctest */,
			);
			name = Products;
			sourceTree = "<group>";
		};
		CB41D0041B1077BB00C8895E /* Postcard */ = {
			isa = PBXGroup;
			children = (
				CB41D0071B1077BB00C8895E /* AppDelegate.swift */,
				CB41D0091B1077BB00C8895E /* ViewController.swift */,
				CB41D00B1B1077BB00C8895E /* Main.storyboard */,
				CB41D00E1B1077BB00C8895E /* Images.xcassets */,
				CB41D0101B1077BB00C8895E /* LaunchScreen.xib */,
				CB41D0051B1077BB00C8895E /* Supporting Files */,
			);
			path = Postcard;
			sourceTree = "<group>";
		};
		CB41D0051B1077BB00C8895E /* Supporting Files */ = {
			isa = PBXGroup;
			children = (
				CB41D0291B10872C00C8895E /* AlbertEinsteinStamp.jpg */,
				CB41D0271B10815800C8895E /* SagradaFamilia.jpeg */,
				CB41D0061B1077BB00C8895E /* Info.plist */,
			);
			name = "Supporting Files";
			sourceTree = "<group>";
		};
		CB41D01A1B1077BB00C8895E /* PostcardTests */ = {
			isa = PBXGroup;
			children = (
				CB41D01D1B1077BB00C8895E /* PostcardTests.swift */,
				CB41D01B1B1077BB00C8895E /* Supporting Files */,
			);
			path = PostcardTests;
			sourceTree = "<group>";
		};
		CB41D01B1B1077BB00C8895E /* Supporting Files */ = {
			isa = PBXGroup;
			children = (
				CB41D01C1B1077BB00C8895E /* Info.plist */,
			);
			name = "Supporting Files";
			sourceTree = "<group>";
		};
/* End PBXGroup section */

/* Begin PBXNativeTarget section */
		CB41D0011B1077BB00C8895E /* Postcard */ = {
			isa = PBXNativeTarget;
			buildConfigurationList = CB41D0211B1077BB00C8895E /* Build configuration list for PBXNativeTarget "Postcard" */;
			buildPhases = (
				CB41CFFE1B1077BB00C8895E /* Sources */,
				CB41CFFF1B1077BB00C8895E /* Frameworks */,
				CB41D0001B1077BB00C8895E /* Resources */,
			);
			buildRules = (
			);
			dependencies = (
			);
			name = Postcard;
			productName = Postcard;
			productReference = CB41D0021B1077BB00C8895E /* Postcard.app */;
			productType = "com.apple.product-type.application";
		};
		CB41D0161B1077BB00C8895E /* PostcardTests */ = {
			isa = PBXNativeTarget;
			buildConfigurationList = CB41D0241B1077BB00C8895E /* Build configuration list for PBXNativeTarget "PostcardTests" */;
			buildPhases = (
				CB41D0131B1077BB00C8895E /* Sources */,
				CB41D0141B1077BB00C8895E /* Frameworks */,
				CB41D0151B1077BB00C8895E /* Resources */,
			);
			buildRules = (
			);
			dependencies = (
				CB41D0191B1077BB00C8895E /* PBXTargetDependency */,
			);
			name = PostcardTests;
			productName = PostcardTests;
			productReference = CB41D0171B1077BB00C8895E /* PostcardTests.xctest */;
			productType = "com.apple.product-type.bundle.unit-test";
		};
/* End PBXNativeTarget section */

/* Begin PBXProject section */
		CB41CFFA1B1077BB00C8895E /* Project object */ = {
			isa = PBXProject;
			attributes = {
				LastUpgradeCheck = 0630;
				TargetAttributes = {
					CB41D0011B1077BB00C8895E = {
						CreatedOnToolsVersion = 6.3.2;
					};
					CB41D0161B1077BB00C8895E = {
						CreatedOnToolsVersion = 6.3.2;
						TestTargetID = CB41D0011B1077BB00C8895E;
					};
				};
			};
			buildConfigurationList = CB41CFFD1B1077BB00C8895E /* Build configuration list for PBXProject "Postcard" */;
			compatibilityVersion = "Xcode 3.2";
			developmentRegion = English;
			hasScannedForEncodings = 0;
			knownRegions = (
				en,
				Base,
			);
			mainGroup = CB41CFF91B1077BB00C8895E;
			productRefGroup = CB41D0031B1077BB00C8895E /* Products */;
			projectDirPath = "";
			projectRoot = "";
			targets = (
				CB41D0011B1077BB00C8895E /* Postcard */,
				CB41D0161B1077BB00C8895E /* PostcardTests */,
			);
		};
/* End PBXProject section */

/* Begin PBXResourcesBuildPhase section */
		CB41D0001B1077BB00C8895E /* Resources */ = {
			isa = PBXResourcesBuildPhase;
			buildActionMask = 2147483647;
			files = (
				CB41D00D1B1077BB00C8895E /* Main.storyboard in Resources */,
				CB41D0281B10815800C8895E /* SagradaFamilia.jpeg in Resources */,
				CB41D02A1B10872C00C8895E /* AlbertEinsteinStamp.jpg in Resources */,
				CB41D0121B1077BB00C8895E /* LaunchScreen.xib in Resources */,
				CB41D00F1B1077BB00C8895E /* Images.xcassets in Resources */,
			);
			runOnlyForDeploymentPostprocessing = 0;
		};
		CB41D0151B1077BB00C8895E /* Resources */ = {
			isa = PBXResourcesBuildPhase;
			buildActionMask = 2147483647;
			files = (
			);
			runOnlyForDeploymentPostprocessing = 0;
		};
/* End PBXResourcesBuildPhase section */

/* Begin PBXSourcesBuildPhase section */
		CB41CFFE1B1077BB00C8895E /* Sources */ = {
			isa = PBXSourcesBuildPhase;
			buildActionMask = 2147483647;
			files = (
				CB41D00A1B1077BB00C8895E /* ViewController.swift in Sources */,
				CB41D0081B1077BB00C8895E /* AppDelegate.swift in Sources */,
			);
			runOnlyForDeploymentPostprocessing = 0;
		};
		CB41D0131B1077BB00C8895E /* Sources */ = {
			isa = PBXSourcesBuildPhase;
			buildActionMask = 2147483647;
			files = (
				CB41D01E1B1077BB00C8895E /* PostcardTests.swift in Sources */,
			);
			runOnlyForDeploymentPostprocessing = 0;
		};
/* End PBXSourcesBuildPhase section */

/* Begin PBXTargetDependency section */
		CB41D0191B1077BB00C8895E /* PBXTargetDependency */ = {
			isa = PBXTargetDependency;
			target = CB41D0011B1077BB00C8895E /* Postcard */;
			targetProxy = CB41D0181B1077BB00C8895E /* PBXContainerItemProxy */;
		};
/* End PBXTargetDependency section */

/* Begin PBXVariantGroup section */
		CB41D00B1B1077BB00C8895E /* Main.storyboard */ = {
			isa = PBXVariantGroup;
			children = (
				CB41D00C1B1077BB00C8895E /* Base */,
			);
			name = Main.storyboard;
			sourceTree = "<group>";
		};
		CB41D0101B1077BB00C8895E /* LaunchScreen.xib */ = {
			isa = PBXVariantGroup;
			children = (
				CB41D0111B1077BB00C8895E /* Base */,
			);
			name = LaunchScreen.xib;
			sourceTree = "<group>";
		};
/* End PBXVariantGroup section */

/* Begin XCBuildConfiguration section */
		CB41D01F1B1077BB00C8895E /* Debug */ = {
			isa = XCBuildConfiguration;
			buildSettings = {
				ALWAYS_SEARCH_USER_PATHS = NO;
				CLANG_CXX_LANGUAGE_STANDARD = "gnu++0x";
				CLANG_CXX_LIBRARY = "libc++";
				CLANG_ENABLE_MODULES = YES;
				CLANG_ENABLE_OBJC_ARC = YES;
				CLANG_WARN_BOOL_CONVERSION = YES;
				CLANG_WARN_CONSTANT_CONVERSION = YES;
				CLANG_WARN_DIRECT_OBJC_ISA_USAGE = YES_ERROR;
				CLANG_WARN_EMPTY_BODY = YES;
				CLANG_WARN_ENUM_CONVERSION = YES;
				CLANG_WARN_INT_CONVERSION = YES;
				CLANG_WARN_OBJC_ROOT_CLASS = YES_ERROR;
				CLANG_WARN_UNREACHABLE_CODE = YES;
				CLANG_WARN__DUPLICATE_METHOD_MATCH = YES;
				"CODE_SIGN_IDENTITY[sdk=iphoneos*]" = "iPhone Developer";
				COPY_PHASE_STRIP = NO;
				DEBUG_INFORMATION_FORMAT = "dwarf-with-dsym";
				ENABLE_STRICT_OBJC_MSGSEND = YES;
				GCC_C_LANGUAGE_STANDARD = gnu99;
				GCC_DYNAMIC_NO_PIC = NO;
				GCC_NO_COMMON_BLOCKS = YES;
				GCC_OPTIMIZATION_LEVEL = 0;
				GCC_PREPROCESSOR_DEFINITIONS = (
					"DEBUG=1",
					"$(inherited)",
				);
				GCC_SYMBOLS_PRIVATE_EXTERN = NO;
				GCC_WARN_64_TO_32_BIT_CONVERSION = YES;
				GCC_WARN_ABOUT_RETURN_TYPE = YES_ERROR;
				GCC_WARN_UNDECLARED_SELECTOR = YES;
				GCC_WARN_UNINITIALIZED_AUTOS = YES_AGGRESSIVE;
				GCC_WARN_UNUSED_FUNCTION = YES;
				GCC_WARN_UNUSED_VARIABLE = YES;
				IPHONEOS_DEPLOYMENT_TARGET = 8.3;
				MTL_ENABLE_DEBUG_INFO = YES;
				ONLY_ACTIVE_ARCH = YES;
				SDKROOT = iphoneos;
				SWIFT_OPTIMIZATION_LEVEL = "-Onone";
				TARGETED_DEVICE_FAMILY = "1,2";
			};
			name = Debug;
		};
		CB41D0201B1077BB00C8895E /* Release */ = {
			isa = XCBuildConfiguration;
			buildSettings = {
				ALWAYS_SEARCH_USER_PATHS = NO;
				CLANG_CXX_LANGUAGE_STANDARD = "gnu++0x";
				CLANG_CXX_LIBRARY = "libc++";
				CLANG_ENABLE_MODULES = YES;
				CLANG_ENABLE_OBJC_ARC = YES;
				CLANG_WARN_BOOL_CONVERSION = YES;
				CLANG_WARN_CONSTANT_CONVERSION = YES;
				CLANG_WARN_DIRECT_OBJC_ISA_USAGE = YES_ERROR;
				CLANG_WARN_EMPTY_BODY = YES;
				CLANG_WARN_ENUM_CONVERSION = YES;
				CLANG_WARN_INT_CONVERSION = YES;
				CLANG_WARN_OBJC_ROOT_CLASS = YES_ERROR;
				CLANG_WARN_UNREACHABLE_CODE = YES;
				CLANG_WARN__DUPLICATE_METHOD_MATCH = YES;
				"CODE_SIGN_IDENTITY[sdk=iphoneos*]" = "iPhone Developer";
				COPY_PHASE_STRIP = NO;
				DEBUG_INFORMATION_FORMAT = "dwarf-with-dsym";
				ENABLE_NS_ASSERTIONS = NO;
				ENABLE_STRICT_OBJC_MSGSEND = YES;
				GCC_C_LANGUAGE_STANDARD = gnu99;
				GCC_NO_COMMON_BLOCKS = YES;
				GCC_WARN_64_TO_32_BIT_CONVERSION = YES;
				GCC_WARN_ABOUT_RETURN_TYPE = YES_ERROR;
				GCC_WARN_UNDECLARED_SELECTOR = YES;
				GCC_WARN_UNINITIALIZED_AUTOS = YES_AGGRESSIVE;
				GCC_WARN_UNUSED_FUNCTION = YES;
				GCC_WARN_UNUSED_VARIABLE = YES;
				IPHONEOS_DEPLOYMENT_TARGET = 8.3;
				MTL_ENABLE_DEBUG_INFO = NO;
				SDKROOT = iphoneos;
				TARGETED_DEVICE_FAMILY = "1,2";
				VALIDATE_PRODUCT = YES;
			};
			name = Release;
		};
		CB41D0221B1077BB00C8895E /* Debug */ = {
			isa = XCBuildConfiguration;
			buildSettings = {
				ASSETCATALOG_COMPILER_APPICON_NAME = AppIcon;
				INFOPLIST_FILE = Postcard/Info.plist;
				LD_RUNPATH_SEARCH_PATHS = "$(inherited) @executable_path/Frameworks";
				PRODUCT_NAME = "$(TARGET_NAME)";
			};
			name = Debug;
		};
		CB41D0231B1077BB00C8895E /* Release */ = {
			isa = XCBuildConfiguration;
			buildSettings = {
				ASSETCATALOG_COMPILER_APPICON_NAME = AppIcon;
				INFOPLIST_FILE = Postcard/Info.plist;
				LD_RUNPATH_SEARCH_PATHS = "$(inherited) @executable_path/Frameworks";
				PRODUCT_NAME = "$(TARGET_NAME)";
			};
			name = Release;
		};
		CB41D0251B1077BB00C8895E /* Debug */ = {
			isa = XCBuildConfiguration;
			buildSettings = {
				BUNDLE_LOADER = "$(TEST_HOST)";
				FRAMEWORK_SEARCH_PATHS = (
					"$(SDKROOT)/Developer/Library/Frameworks",
					"$(inherited)",
				);
				GCC_PREPROCESSOR_DEFINITIONS = (
					"DEBUG=1",
					"$(inherited)",
				);
				INFOPLIST_FILE = PostcardTests/Info.plist;
				LD_RUNPATH_SEARCH_PATHS = "$(inherited) @executable_path/Frameworks @loader_path/Frameworks";
				PRODUCT_NAME = "$(TARGET_NAME)";
				TEST_HOST = "$(BUILT_PRODUCTS_DIR)/Postcard.app/Postcard";
			};
			name = Debug;
		};
		CB41D0261B1077BB00C8895E /* Release */ = {
			isa = XCBuildConfiguration;
			buildSettings = {
				BUNDLE_LOADER = "$(TEST_HOST)";
				FRAMEWORK_SEARCH_PATHS = (
					"$(SDKROOT)/Developer/Library/Frameworks",
					"$(inherited)",
				);
				INFOPLIST_FILE = PostcardTests/Info.plist;
				LD_RUNPATH_SEARCH_PATHS = "$(inherited) @executable_path/Frameworks @loader_path/Frameworks";
				PRODUCT_NAME = "$(TARGET_NAME)";
				TEST_HOST = "$(BUILT_PRODUCTS_DIR)/Postcard.app/Postcard";
			};
			name = Release;
		};
/* End XCBuildConfiguration section */

/* Begin XCConfigurationList section */
		CB41CFFD1B1077BB00C8895E /* Build configuration list for PBXProject "Postcard" */ = {
			isa = XCConfigurationList;
			buildConfigurations = (
				CB41D01F1B1077BB00C8895E /* Debug */,
				CB41D0201B1077BB00C8895E /* Release */,
			);
			defaultConfigurationIsVisible = 0;
			defaultConfigurationName = Release;
		};
		CB41D0211B1077BB00C8895E /* Build configuration list for PBXNativeTarget "Postcard" */ = {
			isa = XCConfigurationList;
			buildConfigurations = (
				CB41D0221B1077BB00C8895E /* Debug */,
				CB41D0231B1077BB00C8895E /* Release */,
			);
			defaultConfigurationIsVisible = 0;
		};
		CB41D0241B1077BB00C8895E /* Build configuration list for PBXNativeTarget "PostcardTests" */ = {
			isa = XCConfigurationList;
			buildConfigurations = (
				CB41D0251B1077BB00C8895E /* Debug */,
				CB41D0261B1077BB00C8895E /* Release */,
			);
			defaultConfigurationIsVisible = 0;
		};
/* End XCConfigurationList section */
	};
	rootObject = CB41CFFA1B1077BB00C8895E /* Project object */;
}
